// !$*UTF8*$!
{
	archiveVersion = 1;
	classes = {
	};
	objectVersion = 46;
	objects = {

/* Begin PBXBuildFile section */
		43F6F5DB1CEC60B7008C0822 /* AppDelegate.swift in Sources */ = {isa = PBXBuildFile; fileRef = 43F6F5DA1CEC60B7008C0822 /* AppDelegate.swift */; };
		43F6F5DD1CEC60B7008C0822 /* ViewController.swift in Sources */ = {isa = PBXBuildFile; fileRef = 43F6F5DC1CEC60B7008C0822 /* ViewController.swift */; };
		43F6F5E01CEC60B7008C0822 /* Main.storyboard in Resources */ = {isa = PBXBuildFile; fileRef = 43F6F5DE1CEC60B7008C0822 /* Main.storyboard */; };
		43F6F5E21CEC60B7008C0822 /* Assets.xcassets in Resources */ = {isa = PBXBuildFile; fileRef = 43F6F5E11CEC60B7008C0822 /* Assets.xcassets */; };
		43F6F5E51CEC60B7008C0822 /* LaunchScreen.storyboard in Resources */ = {isa = PBXBuildFile; fileRef = 43F6F5E31CEC60B7008C0822 /* LaunchScreen.storyboard */; };
/* End PBXBuildFile section */

/* Begin PBXFileReference section */
		43F6F5D71CEC60B7008C0822 /* LoginChallenge.app */ = {isa = PBXFileReference; explicitFileType = wrapper.application; includeInIndex = 0; path = LoginChallenge.app; sourceTree = BUILT_PRODUCTS_DIR; };
		43F6F5DA1CEC60B7008C0822 /* AppDelegate.swift */ = {isa = PBXFileReference; lastKnownFileType = sourcecode.swift; path = AppDelegate.swift; sourceTree = "<group>"; };
		43F6F5DC1CEC60B7008C0822 /* ViewController.swift */ = {isa = PBXFileReference; lastKnownFileType = sourcecode.swift; path = ViewController.swift; sourceTree = "<group>"; };
		43F6F5DF1CEC60B7008C0822 /* Base */ = {isa = PBXFileReference; lastKnownFileType = file.storyboard; name = Base; path = Base.lproj/Main.storyboard; sourceTree = "<group>"; };
		43F6F5E11CEC60B7008C0822 /* Assets.xcassets */ = {isa = PBXFileReference; lastKnownFileType = folder.assetcatalog; path = Assets.xcassets; sourceTree = "<group>"; };
		43F6F5E41CEC60B7008C0822 /* Base */ = {isa = PBXFileReference; lastKnownFileType = file.storyboard; name = Base; path = Base.lproj/LaunchScreen.storyboard; sourceTree = "<group>"; };
		43F6F5E61CEC60B7008C0822 /* Info.plist */ = {isa = PBXFileReference; lastKnownFileType = text.plist.xml; path = Info.plist; sourceTree = "<group>"; };
/* End PBXFileReference section */

/* Begin PBXFrameworksBuildPhase section */
		43F6F5D41CEC60B7008C0822 /* Frameworks */ = {
			isa = PBXFrameworksBuildPhase;
			buildActionMask = 2147483647;
			files = (
			);
			runOnlyForDeploymentPostprocessing = 0;
		};
/* End PBXFrameworksBuildPhase section */

/* Begin PBXGroup section */
		43F6F5CE1CEC60B7008C0822 = {
			isa = PBXGroup;
			children = (
				43F6F5D91CEC60B7008C0822 /* LoginChallenge */,
				43F6F5D81CEC60B7008C0822 /* Products */,
			);
			sourceTree = "<group>";
		};
		43F6F5D81CEC60B7008C0822 /* Products */ = {
			isa = PBXGroup;
			children = (
				43F6F5D71CEC60B7008C0822 /* LoginChallenge.app */,
			);
			name = Products;
			sourceTree = "<group>";
		};
		43F6F5D91CEC60B7008C0822 /* LoginChallenge */ = {
			isa = PBXGroup;
			children = (
				43F6F5DA1CEC60B7008C0822 /* AppDelegate.swift */,
				43F6F5DC1CEC60B7008C0822 /* ViewController.swift */,
				43F6F5DE1CEC60B7008C0822 /* Main.storyboard */,
				43F6F5E11CEC60B7008C0822 /* Assets.xcassets */,
				43F6F5E31CEC60B7008C0822 /* LaunchScreen.storyboard */,
				43F6F5E61CEC60B7008C0822 /* Info.plist */,
			);
			path = LoginChallenge;
			sourceTree = "<group>";
		};
/* End PBXGroup section */

/* Begin PBXNativeTarget section */
		43F6F5D61CEC60B7008C0822 /* LoginChallenge */ = {
			isa = PBXNativeTarget;
			buildConfigurationList = 43F6F5E91CEC60B7008C0822 /* Build configuration list for PBXNativeTarget "LoginChallenge" */;
			buildPhases = (
				43F6F5D31CEC60B7008C0822 /* Sources */,
				43F6F5D41CEC60B7008C0822 /* Frameworks */,
				43F6F5D51CEC60B7008C0822 /* Resources */,
			);
			buildRules = (
			);
			dependencies = (
			);
			name = LoginChallenge;
			productName = LoginChallenge;
			productReference = 43F6F5D71CEC60B7008C0822 /* LoginChallenge.app */;
			productType = "com.apple.product-type.application";
		};
/* End PBXNativeTarget section */

/* Begin PBXProject section */
		43F6F5CF1CEC60B7008C0822 /* Project object */ = {
			isa = PBXProject;
			attributes = {
				LastSwiftUpdateCheck = 0730;
				LastUpgradeCheck = 0730;
				ORGANIZATIONNAME = Niorad;
				TargetAttributes = {
					43F6F5D61CEC60B7008C0822 = {
						CreatedOnToolsVersion = 7.3.1;
					};
				};
			};
			buildConfigurationList = 43F6F5D21CEC60B7008C0822 /* Build configuration list for PBXProject "LoginChallenge" */;
			compatibilityVersion = "Xcode 3.2";
			developmentRegion = English;
			hasScannedForEncodings = 0;
			knownRegions = (
				en,
				Base,
			);
			mainGroup = 43F6F5CE1CEC60B7008C0822;
			productRefGroup = 43F6F5D81CEC60B7008C0822 /* Products */;
			projectDirPath = "";
			projectRoot = "";
			targets = (
				43F6F5D61CEC60B7008C0822 /* LoginChallenge */,
			);
		};
/* End PBXProject section */

/* Begin PBXResourcesBuildPhase section */
		43F6F5D51CEC60B7008C0822 /* Resources */ = {
			isa = PBXResourcesBuildPhase;
			buildActionMask = 2147483647;
			files = (
				43F6F5E51CEC60B7008C0822 /* LaunchScreen.storyboard in Resources */,
				43F6F5E21CEC60B7008C0822 /* Assets.xcassets in Resources */,
				43F6F5E01CEC60B7008C0822 /* Main.storyboard in Resources */,
			);
			runOnlyForDeploymentPostprocessing = 0;
		};
/* End PBXResourcesBuildPhase section */

/* Begin PBXSourcesBuildPhase section */
		43F6F5D31CEC60B7008C0822 /* Sources */ = {
			isa = PBXSourcesBuildPhase;
			buildActionMask = 2147483647;
			files = (
				43F6F5DD1CEC60B7008C0822 /* ViewController.swift in Sources */,
				43F6F5DB1CEC60B7008C0822 /* AppDelegate.swift in Sources */,
			);
			runOnlyForDeploymentPostprocessing = 0;
		};
/* End PBXSourcesBuildPhase section */

/* Begin PBXVariantGroup section */
		43F6F5DE1CEC60B7008C0822 /* Main.storyboard */ = {
			isa = PBXVariantGroup;
			children = (
				43F6F5DF1CEC60B7008C0822 /* Base */,
			);
			name = Main.storyboard;
			sourceTree = "<group>";
		};
		43F6F5E31CEC60B7008C0822 /* LaunchScreen.storyboard */ = {
			isa = PBXVariantGroup;
			children = (
				43F6F5E41CEC60B7008C0822 /* Base */,
			);
			name = LaunchScreen.storyboard;
			sourceTree = "<group>";
		};
/* End PBXVariantGroup section */

/* Begin XCBuildConfiguration section */
		43F6F5E71CEC60B7008C0822 /* Debug */ = {
			isa = XCBuildConfiguration;
			buildSettings = {
				ALWAYS_SEARCH_USER_PATHS = NO;
				CLANG_ANALYZER_NONNULL = YES;
				CLANG_CXX_LANGUAGE_STANDARD = "gnu++0x";
				CLANG_CXX_LIBRARY = "libc++";
				CLANG_ENABLE_MODULES = YES;
				CLANG_ENABLE_OBJC_ARC = YES;
				CLANG_WARN_BOOL_CONVERSION = YES;
				CLANG_WARN_CONSTANT_CONVERSION = YES;
				CLANG_WARN_DIRECT_OBJC_ISA_USAGE = YES_ERROR;
				CLANG_WARN_EMPTY_BODY = YES;
				CLANG_WARN_ENUM_CONVERSION = YES;
				CLANG_WARN_INT_CONVERSION = YES;
				CLANG_WARN_OBJC_ROOT_CLASS = YES_ERROR;
				CLANG_WARN_UNREACHABLE_CODE = YES;
				CLANG_WARN__DUPLICATE_METHOD_MATCH = YES;
				"CODE_SIGN_IDENTITY[sdk=iphoneos*]" = "iPhone Developer";
				COPY_PHASE_STRIP = NO;
				DEBUG_INFORMATION_FORMAT = dwarf;
				ENABLE_STRICT_OBJC_MSGSEND = YES;
				ENABLE_TESTABILITY = YES;
				GCC_C_LANGUAGE_STANDARD = gnu99;
				GCC_DYNAMIC_NO_PIC = NO;
				GCC_NO_COMMON_BLOCKS = YES;
				GCC_OPTIMIZATION_LEVEL = 0;
				GCC_PREPROCESSOR_DEFINITIONS = (
					"DEBUG=1",
					"$(inherited)",
				);
				GCC_WARN_64_TO_32_BIT_CONVERSION = YES;
				GCC_WARN_ABOUT_RETURN_TYPE = YES_ERROR;
				GCC_WARN_UNDECLARED_SELECTOR = YES;
				GCC_WARN_UNINITIALIZED_AUTOS = YES_AGGRESSIVE;
				GCC_WARN_UNUSED_FUNCTION = YES;
				GCC_WARN_UNUSED_VARIABLE = YES;
				IPHONEOS_DEPLOYMENT_TARGET = 9.3;
				MTL_ENABLE_DEBUG_INFO = YES;
				ONLY_ACTIVE_ARCH = YES;
				SDKROOT = iphoneos;
				SWIFT_OPTIMIZATION_LEVEL = "-Onone";
				TARGETED_DEVICE_FAMILY = "1,2";
			};
			name = Debug;
		};
		43F6F5E81CEC60B7008C0822 /* Release */ = {
			isa = XCBuildConfiguration;
			buildSettings = {
				ALWAYS_SEARCH_USER_PATHS = NO;
				CLANG_ANALYZER_NONNULL = YES;
				CLANG_CXX_LANGUAGE_STANDARD = "gnu++0x";
				CLANG_CXX_LIBRARY = "libc++";
				CLANG_ENABLE_MODULES = YES;
				CLANG_ENABLE_OBJC_ARC = YES;
				CLANG_WARN_BOOL_CONVERSION = YES;
				CLANG_WARN_CONSTANT_CONVERSION = YES;
				CLANG_WARN_DIRECT_OBJC_ISA_USAGE = YES_ERROR;
				CLANG_WARN_EMPTY_BODY = YES;
				CLANG_WARN_ENUM_CONVERSION = YES;
				CLANG_WARN_INT_CONVERSION = YES;
				CLANG_WARN_OBJC_ROOT_CLASS = YES_ERROR;
				CLANG_WARN_UNREACHABLE_CODE = YES;
				CLANG_WARN__DUPLICATE_METHOD_MATCH = YES;
				"CODE_SIGN_IDENTITY[sdk=iphoneos*]" = "iPhone Developer";
				COPY_PHASE_STRIP = NO;
				DEBUG_INFORMATION_FORMAT = "dwarf-with-dsym";
				ENABLE_NS_ASSERTIONS = NO;
				ENABLE_STRICT_OBJC_MSGSEND = YES;
				GCC_C_LANGUAGE_STANDARD = gnu99;
				GCC_NO_COMMON_BLOCKS = YES;
				GCC_WARN_64_TO_32_BIT_CONVERSION = YES;
				GCC_WARN_ABOUT_RETURN_TYPE = YES_ERROR;
				GCC_WARN_UNDECLARED_SELECTOR = YES;
				GCC_WARN_UNINITIALIZED_AUTOS = YES_AGGRESSIVE;
				GCC_WARN_UNUSED_FUNCTION = YES;
				GCC_WARN_UNUSED_VARIABLE = YES;
				IPHONEOS_DEPLOYMENT_TARGET = 9.3;
				MTL_ENABLE_DEBUG_INFO = NO;
				SDKROOT = iphoneos;
				TARGETED_DEVICE_FAMILY = "1,2";
				VALIDATE_PRODUCT = YES;
			};
			name = Release;
		};
		43F6F5EA1CEC60B7008C0822 /* Debug */ = {
			isa = XCBuildConfiguration;
			buildSettings = {
				ASSETCATALOG_COMPILER_APPICON_NAME = AppIcon;
				INFOPLIST_FILE = LoginChallenge/Info.plist;
				LD_RUNPATH_SEARCH_PATHS = "$(inherited) @executable_path/Frameworks";
				PRODUCT_BUNDLE_IDENTIFIER = com.niorad.LoginChallenge;
				PRODUCT_NAME = "$(TARGET_NAME)";
			};
			name = Debug;
		};
		43F6F5EB1CEC60B7008C0822 /* Release */ = {
			isa = XCBuildConfiguration;
			buildSettings = {
				ASSETCATALOG_COMPILER_APPICON_NAME = AppIcon;
				INFOPLIST_FILE = LoginChallenge/Info.plist;
				LD_RUNPATH_SEARCH_PATHS = "$(inherited) @executable_path/Frameworks";
				PRODUCT_BUNDLE_IDENTIFIER = com.niorad.LoginChallenge;
				PRODUCT_NAME = "$(TARGET_NAME)";
			};
			name = Release;
		};
/* End XCBuildConfiguration section */

/* Begin XCConfigurationList section */
		43F6F5D21CEC60B7008C0822 /* Build configuration list for PBXProject "LoginChallenge" */ = {
			isa = XCConfigurationList;
			buildConfigurations = (
				43F6F5E71CEC60B7008C0822 /* Debug */,
				43F6F5E81CEC60B7008C0822 /* Release */,
			);
			defaultConfigurationIsVisible = 0;
			defaultConfigurationName = Release;
		};
		43F6F5E91CEC60B7008C0822 /* Build configuration list for PBXNativeTarget "LoginChallenge" */ = {
			isa = XCConfigurationList;
			buildConfigurations = (
				43F6F5EA1CEC60B7008C0822 /* Debug */,
				43F6F5EB1CEC60B7008C0822 /* Release */,
			);
			defaultConfigurationIsVisible = 0;
		};
/* End XCConfigurationList section */
	};
	rootObject = 43F6F5CF1CEC60B7008C0822 /* Project object */;
}
